
Microsoft Visual Studio Solution File, Format Version 12.00
# Visual Studio Version 17
VisualStudioVersion = 17.4.33110.190
MinimumVisualStudioVersion = 10.0.40219.1
Project("{FAE04EC0-301F-11D3-BF4B-00C04F79EFBC}") = "Cryptographer", "Cryptographer\Cryptographer.csproj", "{146780BA-3378-4C95-BD9D-798F24556FE0}"
EndProject
Global
	GlobalSection(SolutionConfigurationPlatforms) = preSolution
		Debug|Any CPU = Debug|Any CPU
		Release|Any CPU = Release|Any CPU
	EndGlobalSection
	GlobalSection(ProjectConfigurationPlatforms) = postSolution
		{146780BA-3378-4C95-BD9D-798F24556FE0}.Debug|Any CPU.ActiveCfg = Debug|Any CPU
		{146780BA-3378-4C95-BD9D-798F24556FE0}.Debug|Any CPU.Build.0 = Debug|Any CPU
		{146780BA-3378-4C95-BD9D-798F24556FE0}.Release|Any CPU.ActiveCfg = Release|Any CPU
		{146780BA-3378-4C95-BD9D-798F24556FE0}.Release|Any CPU.Build.0 = Release|Any CPU
	EndGlobalSection
	GlobalSection(SolutionProperties) = preSolution
		HideSolutionNode = FALSE
	EndGlobalSection
	GlobalSection(ExtensibilityGlobals) = postSolution
		SolutionGuid = {B73278ED-BA7E-443B-AA88-136DE9CF2DBC}
	EndGlobalSection
EndGlobal
